
Microsoft Visual Studio Solution File, Format Version 12.00
# Visual Studio Version 17
VisualStudioVersion = 17.2.32526.322
MinimumVisualStudioVersion = 10.0.40219.1
Project("{9A19103F-16F7-4668-BE54-9A1E7A4F7556}") = "Helpdesk.Angular", "Helpdesk.Angular\Helpdesk.Angular.csproj", "{9BED3574-B2EF-4585-A64C-90DF09F80A1E}"
EndProject
Project("{9A19103F-16F7-4668-BE54-9A1E7A4F7556}") = "Helpdesk.BusinessLayer", "Helpdesk.BusinessLayer\Helpdesk.BusinessLayer.csproj", "{59E597EF-035D-463A-A8D4-26397A6FFC4C}"
EndProject
Project("{9A19103F-16F7-4668-BE54-9A1E7A4F7556}") = "Helpdesk.Core", "Helpdesk.Core\Helpdesk.Core.csproj", "{5B3E8811-8607-4F0B-855C-F8A3A32CEAD6}"
EndProject
Project("{9A19103F-16F7-4668-BE54-9A1E7A4F7556}") = "Helpdesk.RepositoryEf", "Helpdesk.RepositoryEf\Helpdesk.RepositoryEf.csproj", "{27E88F31-C430-41D6-8695-592553C17334}"
EndProject
Project("{9A19103F-16F7-4668-BE54-9A1E7A4F7556}") = "Heldesk.Api", "Heldesk.Api\Heldesk.Api.csproj", "{8ED85944-EE47-4E82-9006-0C811C770730}"
EndProject
Project("{9A19103F-16F7-4668-BE54-9A1E7A4F7556}") = "Helpdesk.Mvc", "Helpdesk.Mvc\Helpdesk.Mvc.csproj", "{12FAD49A-45BD-47C9-A1DC-5E443DC48BD1}"
EndProject
Project("{9A19103F-16F7-4668-BE54-9A1E7A4F7556}") = "Helpdesk.Notifications", "Helpdesk.Notifications\Helpdesk.Notifications.csproj", "{6E3BC8BF-C725-4405-9A3A-80059B9F877E}"
EndProject
Project("{9A19103F-16F7-4668-BE54-9A1E7A4F7556}") = "Helpdesk.Repository.MongoDb", "Helpdesk.Repository.MongoDb\Helpdesk.Repository.MongoDb.csproj", "{18F6298E-F4E1-4534-9EAE-6CC5BCA5B545}"
EndProject
Project("{9A19103F-16F7-4668-BE54-9A1E7A4F7556}") = "Helpdesk.Services.ZipCodes", "Helpdesk.Services.ZipCodes\Helpdesk.Services.ZipCodes.csproj", "{AC6524D2-E018-45A6-AC47-2FC0534E8444}"
EndProject
Project("{9A19103F-16F7-4668-BE54-9A1E7A4F7556}") = "Helpdesk.WorkerServices", "Helpdesk.WorkerServices\Helpdesk.WorkerServices.csproj", "{D81866E6-8342-424A-8D05-7BF2B3FFACC6}"
EndProject
Project("{9A19103F-16F7-4668-BE54-9A1E7A4F7556}") = "Tickets.Core", "Tickets.Core\Tickets.Core.csproj", "{67434453-65FC-4BE4-9DB4-2635BB7F61C3}"
EndProject
Project("{9A19103F-16F7-4668-BE54-9A1E7A4F7556}") = "Tickets.Repository", "Tickets.Repository\Tickets.Repository.csproj", "{EC1119E7-3C8E-4783-865C-A41C2CF434BE}"
EndProject
Project("{2150E333-8FDC-42A3-9474-1A3956D46DE8}") = "Solution Items", "Solution Items", "{2F48B080-3E68-454D-9DA3-C0D981B1CFBB}"
	ProjectSection(SolutionItems) = preProject
		README.md = README.md
	EndProjectSection
EndProject
Global
	GlobalSection(SolutionConfigurationPlatforms) = preSolution
		Debug|Any CPU = Debug|Any CPU
		Release|Any CPU = Release|Any CPU
	EndGlobalSection
	GlobalSection(ProjectConfigurationPlatforms) = postSolution
		{9BED3574-B2EF-4585-A64C-90DF09F80A1E}.Debug|Any CPU.ActiveCfg = Debug|Any CPU
		{9BED3574-B2EF-4585-A64C-90DF09F80A1E}.Debug|Any CPU.Build.0 = Debug|Any CPU
		{9BED3574-B2EF-4585-A64C-90DF09F80A1E}.Release|Any CPU.ActiveCfg = Release|Any CPU
		{9BED3574-B2EF-4585-A64C-90DF09F80A1E}.Release|Any CPU.Build.0 = Release|Any CPU
		{59E597EF-035D-463A-A8D4-26397A6FFC4C}.Debug|Any CPU.ActiveCfg = Debug|Any CPU
		{59E597EF-035D-463A-A8D4-26397A6FFC4C}.Debug|Any CPU.Build.0 = Debug|Any CPU
		{59E597EF-035D-463A-A8D4-26397A6FFC4C}.Release|Any CPU.ActiveCfg = Release|Any CPU
		{59E597EF-035D-463A-A8D4-26397A6FFC4C}.Release|Any CPU.Build.0 = Release|Any CPU
		{5B3E8811-8607-4F0B-855C-F8A3A32CEAD6}.Debug|Any CPU.ActiveCfg = Debug|Any CPU
		{5B3E8811-8607-4F0B-855C-F8A3A32CEAD6}.Debug|Any CPU.Build.0 = Debug|Any CPU
		{5B3E8811-8607-4F0B-855C-F8A3A32CEAD6}.Release|Any CPU.ActiveCfg = Release|Any CPU
		{5B3E8811-8607-4F0B-855C-F8A3A32CEAD6}.Release|Any CPU.Build.0 = Release|Any CPU
		{27E88F31-C430-41D6-8695-592553C17334}.Debug|Any CPU.ActiveCfg = Debug|Any CPU
		{27E88F31-C430-41D6-8695-592553C17334}.Debug|Any CPU.Build.0 = Debug|Any CPU
		{27E88F31-C430-41D6-8695-592553C17334}.Release|Any CPU.ActiveCfg = Release|Any CPU
		{27E88F31-C430-41D6-8695-592553C17334}.Release|Any CPU.Build.0 = Release|Any CPU
		{8ED85944-EE47-4E82-9006-0C811C770730}.Debug|Any CPU.ActiveCfg = Debug|Any CPU
		{8ED85944-EE47-4E82-9006-0C811C770730}.Debug|Any CPU.Build.0 = Debug|Any CPU
		{8ED85944-EE47-4E82-9006-0C811C770730}.Release|Any CPU.ActiveCfg = Release|Any CPU
		{8ED85944-EE47-4E82-9006-0C811C770730}.Release|Any CPU.Build.0 = Release|Any CPU
		{12FAD49A-45BD-47C9-A1DC-5E443DC48BD1}.Debug|Any CPU.ActiveCfg = Debug|Any CPU
		{12FAD49A-45BD-47C9-A1DC-5E443DC48BD1}.Debug|Any CPU.Build.0 = Debug|Any CPU
		{12FAD49A-45BD-47C9-A1DC-5E443DC48BD1}.Release|Any CPU.ActiveCfg = Release|Any CPU
		{12FAD49A-45BD-47C9-A1DC-5E443DC48BD1}.Release|Any CPU.Build.0 = Release|Any CPU
		{6E3BC8BF-C725-4405-9A3A-80059B9F877E}.Debug|Any CPU.ActiveCfg = Debug|Any CPU
		{6E3BC8BF-C725-4405-9A3A-80059B9F877E}.Debug|Any CPU.Build.0 = Debug|Any CPU
		{6E3BC8BF-C725-4405-9A3A-80059B9F877E}.Release|Any CPU.ActiveCfg = Release|Any CPU
		{6E3BC8BF-C725-4405-9A3A-80059B9F877E}.Release|Any CPU.Build.0 = Release|Any CPU
		{18F6298E-F4E1-4534-9EAE-6CC5BCA5B545}.Debug|Any CPU.ActiveCfg = Debug|Any CPU
		{18F6298E-F4E1-4534-9EAE-6CC5BCA5B545}.Debug|Any CPU.Build.0 = Debug|Any CPU
		{18F6298E-F4E1-4534-9EAE-6CC5BCA5B545}.Release|Any CPU.ActiveCfg = Release|Any CPU
		{18F6298E-F4E1-4534-9EAE-6CC5BCA5B545}.Release|Any CPU.Build.0 = Release|Any CPU
		{AC6524D2-E018-45A6-AC47-2FC0534E8444}.Debug|Any CPU.ActiveCfg = Debug|Any CPU
		{AC6524D2-E018-45A6-AC47-2FC0534E8444}.Debug|Any CPU.Build.0 = Debug|Any CPU
		{AC6524D2-E018-45A6-AC47-2FC0534E8444}.Release|Any CPU.ActiveCfg = Release|Any CPU
		{AC6524D2-E018-45A6-AC47-2FC0534E8444}.Release|Any CPU.Build.0 = Release|Any CPU
		{D81866E6-8342-424A-8D05-7BF2B3FFACC6}.Debug|Any CPU.ActiveCfg = Debug|Any CPU
		{D81866E6-8342-424A-8D05-7BF2B3FFACC6}.Debug|Any CPU.Build.0 = Debug|Any CPU
		{D81866E6-8342-424A-8D05-7BF2B3FFACC6}.Release|Any CPU.ActiveCfg = Release|Any CPU
		{D81866E6-8342-424A-8D05-7BF2B3FFACC6}.Release|Any CPU.Build.0 = Release|Any CPU
		{67434453-65FC-4BE4-9DB4-2635BB7F61C3}.Debug|Any CPU.ActiveCfg = Debug|Any CPU
		{67434453-65FC-4BE4-9DB4-2635BB7F61C3}.Debug|Any CPU.Build.0 = Debug|Any CPU
		{67434453-65FC-4BE4-9DB4-2635BB7F61C3}.Release|Any CPU.ActiveCfg = Release|Any CPU
		{67434453-65FC-4BE4-9DB4-2635BB7F61C3}.Release|Any CPU.Build.0 = Release|Any CPU
		{EC1119E7-3C8E-4783-865C-A41C2CF434BE}.Debug|Any CPU.ActiveCfg = Debug|Any CPU
		{EC1119E7-3C8E-4783-865C-A41C2CF434BE}.Debug|Any CPU.Build.0 = Debug|Any CPU
		{EC1119E7-3C8E-4783-865C-A41C2CF434BE}.Release|Any CPU.ActiveCfg = Release|Any CPU
		{EC1119E7-3C8E-4783-865C-A41C2CF434BE}.Release|Any CPU.Build.0 = Release|Any CPU
	EndGlobalSection
	GlobalSection(SolutionProperties) = preSolution
		HideSolutionNode = FALSE
	EndGlobalSection
	GlobalSection(ExtensibilityGlobals) = postSolution
		SolutionGuid = {4C981AA6-C10D-462B-88F3-2395E9576DC5}
	EndGlobalSection
EndGlobal
